
Microsoft Visual Studio Solution File, Format Version 12.00
# Visual Studio Version 17
VisualStudioVersion = 17.14.36414.22 d17.14
MinimumVisualStudioVersion = 10.0.40219.1
Project("{FAE04EC0-301F-11D3-BF4B-00C04F79EFBC}") = "Computer_Security-2FA", "Computer_Security-2FA\Computer_Security-2FA.csproj", "{E789399E-2963-40DB-9549-A09AF19CD4A5}"
EndProject
Global
	GlobalSection(SolutionConfigurationPlatforms) = preSolution
		Debug|Any CPU = Debug|Any CPU
		Release|Any CPU = Release|Any CPU
	EndGlobalSection
	GlobalSection(ProjectConfigurationPlatforms) = postSolution
		{E789399E-2963-40DB-9549-A09AF19CD4A5}.Debug|Any CPU.ActiveCfg = Debug|Any CPU
		{E789399E-2963-40DB-9549-A09AF19CD4A5}.Debug|Any CPU.Build.0 = Debug|Any CPU
		{E789399E-2963-40DB-9549-A09AF19CD4A5}.Release|Any CPU.ActiveCfg = Release|Any CPU
		{E789399E-2963-40DB-9549-A09AF19CD4A5}.Release|Any CPU.Build.0 = Release|Any CPU
	EndGlobalSection
	GlobalSection(SolutionProperties) = preSolution
		HideSolutionNode = FALSE
	EndGlobalSection
	GlobalSection(ExtensibilityGlobals) = postSolution
		SolutionGuid = {1AB8F1FB-EB07-4199-BBD2-8BECEB0F30B4}
	EndGlobalSection
EndGlobal
